
Microsoft Visual Studio Solution File, Format Version 12.00
# Visual Studio 2013
VisualStudioVersion = 12.0.21005.1
MinimumVisualStudioVersion = 10.0.40219.1
Project("{FAE04EC0-301F-11D3-BF4B-00C04F79EFBC}") = "ARPTool", "ARPTool\ARPTool.csproj", "{808C44DD-38C7-4C4F-AE2A-DCA1C8871651}"
EndProject
Global
	GlobalSection(SolutionConfigurationPlatforms) = preSolution
		Debug|Any CPU = Debug|Any CPU
		Release|Any CPU = Release|Any CPU
	EndGlobalSection
	GlobalSection(ProjectConfigurationPlatforms) = postSolution
		{808C44DD-38C7-4C4F-AE2A-DCA1C8871651}.Debug|Any CPU.ActiveCfg = Debug|Any CPU
		{808C44DD-38C7-4C4F-AE2A-DCA1C8871651}.Debug|Any CPU.Build.0 = Debug|Any CPU
		{808C44DD-38C7-4C4F-AE2A-DCA1C8871651}.Release|Any CPU.ActiveCfg = Release|Any CPU
		{808C44DD-38C7-4C4F-AE2A-DCA1C8871651}.Release|Any CPU.Build.0 = Release|Any CPU
	EndGlobalSection
	GlobalSection(SolutionProperties) = preSolution
		HideSolutionNode = FALSE
	EndGlobalSection
EndGlobal
